{
  "name": "rectify-frontend",
  "lockfileVersion": 3,
  "requires": true,
  "packages": {
    "": {
      "dependencies": {
        "gojs": "^2.3.11",
        "three": "^0.177.0"
      }
    },
    "node_modules/gojs": {
      "version": "2.3.13",
      "resolved": "https://registry.npmjs.org/gojs/-/gojs-2.3.13.tgz",
      "integrity": "sha512-hD1ewyt6EhFZ0phL8crvBML81sSzBEQCUQe3Dk2tB3Jt3xt5MJmx5TZXVeagmZFreLdKVQB59RXFtB9l5wT0Rw=="
    },
    "node_modules/three": {
      "version": "0.177.0",
      "resolved": "https://registry.npmjs.org/three/-/three-0.177.0.tgz",
      "integrity": "sha512-EiXv5/qWAaGI+Vz2A+JfavwYCMdGjxVsrn3oBwllUoqYeaBO75J63ZfyaQKoiLrqNHoTlUc6PFgMXnS0kI45zg==",
      "license": "MIT"
    }
  }
}
